// !$*UTF8*$!
{
	archiveVersion = 1;
	classes = {
	};
	objectVersion = 50;
	objects = {

/* Begin PBXBuildFile section */
		F56B5BE8228A165C00A1A480 /* LoginViewController.swift in Sources */ = {isa = PBXBuildFile; fileRef = F5BE52DD22880EFB00610AE1 /* LoginViewController.swift */; };
		F56B5BE9228A165C00A1A480 /* LoginModel.swift in Sources */ = {isa = PBXBuildFile; fileRef = F5BE52DB22880EE900610AE1 /* LoginModel.swift */; };
		F56B5BEA228A165C00A1A480 /* LoginAssembly.swift in Sources */ = {isa = PBXBuildFile; fileRef = F5BE52DF22880F0D00610AE1 /* LoginAssembly.swift */; };
		F586C5A02282027100EBA874 /* LibMVC.framework in Frameworks */ = {isa = PBXBuildFile; fileRef = F586C5972282027000EBA874 /* LibMVC.framework */; };
		F586C5A72282027100EBA874 /* LibMVCTests.swift in Sources */ = {isa = PBXBuildFile; fileRef = F586C5A62282027100EBA874 /* LibMVCTests.swift */; };
		F586C5A92282027100EBA874 /* LibMVC.h in Headers */ = {isa = PBXBuildFile; fileRef = F586C5992282027000EBA874 /* LibMVC.h */; settings = {ATTRIBUTES = (Public, ); }; };
		F586C5AC2282027100EBA874 /* LibMVC.framework in Frameworks */ = {isa = PBXBuildFile; fileRef = F586C5972282027000EBA874 /* LibMVC.framework */; };
		F586C5AD2282027100EBA874 /* LibMVC.framework in Embed Frameworks */ = {isa = PBXBuildFile; fileRef = F586C5972282027000EBA874 /* LibMVC.framework */; settings = {ATTRIBUTES = (CodeSignOnCopy, RemoveHeadersOnCopy, ); }; };
		F5BE52CA22834DFB00610AE1 /* Functions.swift in Sources */ = {isa = PBXBuildFile; fileRef = F5BE52C922834DFB00610AE1 /* Functions.swift */; };
		F5BE52CB22834EEF00610AE1 /* RootViewController.swift in Sources */ = {isa = PBXBuildFile; fileRef = F5C55165227EDBF500CC7EF6 /* RootViewController.swift */; };
		F5BE52CC22834EF300610AE1 /* RootModel.swift in Sources */ = {isa = PBXBuildFile; fileRef = F5C55161227EDB8800CC7EF6 /* RootModel.swift */; };
		F5BE52CD22834EF600610AE1 /* RootView.swift in Sources */ = {isa = PBXBuildFile; fileRef = F5C55163227EDBC800CC7EF6 /* RootView.swift */; };
		F5BE52CF228352DF00610AE1 /* RootAssembly.swift in Sources */ = {isa = PBXBuildFile; fileRef = F5BE52CE228352DF00610AE1 /* RootAssembly.swift */; };
		F5BE52D32283561600610AE1 /* RootViewGettable.swift in Sources */ = {isa = PBXBuildFile; fileRef = F5BE52D22283561600610AE1 /* RootViewGettable.swift */; };
		F5BE52D622835D5F00610AE1 /* Optionals.swift in Sources */ = {isa = PBXBuildFile; fileRef = F5BE52D522835D5F00610AE1 /* Optionals.swift */; };
		F5BE52E12288144E00610AE1 /* (null) in Resources */ = {isa = PBXBuildFile; };
		F5BE52E22288144F00610AE1 /* (null) in Resources */ = {isa = PBXBuildFile; };
		F5BE52E32288145400610AE1 /* (null) in Resources */ = {isa = PBXBuildFile; };
		F5BE52E42288145400610AE1 /* (null) in Resources */ = {isa = PBXBuildFile; };
		F5BE52E52288145700610AE1 /* (null) in Resources */ = {isa = PBXBuildFile; };
		F5BE52E62288145800610AE1 /* (null) in Resources */ = {isa = PBXBuildFile; };
		F5BE52E72288145B00610AE1 /* (null) in Resources */ = {isa = PBXBuildFile; };
		F5BE52E82288145B00610AE1 /* (null) in Resources */ = {isa = PBXBuildFile; };
		F5BE52EC2288776B00610AE1 /* Podfile in Resources */ = {isa = PBXBuildFile; fileRef = F5BE52EB2288776A00610AE1 /* Podfile */; };
		F5BE52ED2288776B00610AE1 /* Podfile in Resources */ = {isa = PBXBuildFile; fileRef = F5BE52EB2288776A00610AE1 /* Podfile */; };
		F5C5513E227EB76300CC7EF6 /* AppDelegate.swift in Sources */ = {isa = PBXBuildFile; fileRef = F5C5513D227EB76300CC7EF6 /* AppDelegate.swift */; };
		F5C55140227EB76300CC7EF6 /* ViewController.swift in Sources */ = {isa = PBXBuildFile; fileRef = F5C5513F227EB76300CC7EF6 /* ViewController.swift */; };
		F5C55143227EB76300CC7EF6 /* Main.storyboard in Resources */ = {isa = PBXBuildFile; fileRef = F5C55141227EB76300CC7EF6 /* Main.storyboard */; };
		F5C55145227EB76800CC7EF6 /* Assets.xcassets in Resources */ = {isa = PBXBuildFile; fileRef = F5C55144227EB76800CC7EF6 /* Assets.xcassets */; };
		F5C55148227EB76900CC7EF6 /* LaunchScreen.storyboard in Resources */ = {isa = PBXBuildFile; fileRef = F5C55146227EB76900CC7EF6 /* LaunchScreen.storyboard */; };
		F5C55153227EB76900CC7EF6 /* mvcTests.swift in Sources */ = {isa = PBXBuildFile; fileRef = F5C55152227EB76900CC7EF6 /* mvcTests.swift */; };
		F5DBF66C2288CA3300EB2F12 /* LoginView.swift in Sources */ = {isa = PBXBuildFile; fileRef = F5BE52D922880EDB00610AE1 /* LoginView.swift */; };
/* End PBXBuildFile section */

/* Begin PBXContainerItemProxy section */
		F586C5A12282027100EBA874 /* PBXContainerItemProxy */ = {
			isa = PBXContainerItemProxy;
			containerPortal = F5C55132227EB76300CC7EF6 /* Project object */;
			proxyType = 1;
			remoteGlobalIDString = F586C5962282027000EBA874;
			remoteInfo = LibMVC;
		};
		F586C5A32282027100EBA874 /* PBXContainerItemProxy */ = {
			isa = PBXContainerItemProxy;
			containerPortal = F5C55132227EB76300CC7EF6 /* Project object */;
			proxyType = 1;
			remoteGlobalIDString = F5C55139227EB76300CC7EF6;
			remoteInfo = mvc;
		};
		F586C5AA2282027100EBA874 /* PBXContainerItemProxy */ = {
			isa = PBXContainerItemProxy;
			containerPortal = F5C55132227EB76300CC7EF6 /* Project object */;
			proxyType = 1;
			remoteGlobalIDString = F586C5962282027000EBA874;
			remoteInfo = LibMVC;
		};
		F5C5514F227EB76900CC7EF6 /* PBXContainerItemProxy */ = {
			isa = PBXContainerItemProxy;
			containerPortal = F5C55132227EB76300CC7EF6 /* Project object */;
			proxyType = 1;
			remoteGlobalIDString = F5C55139227EB76300CC7EF6;
			remoteInfo = mvc;
		};
/* End PBXContainerItemProxy section */

/* Begin PBXCopyFilesBuildPhase section */
		F586C5B32282027100EBA874 /* Embed Frameworks */ = {
			isa = PBXCopyFilesBuildPhase;
			buildActionMask = 2147483647;
			dstPath = "";
			dstSubfolderSpec = 10;
			files = (
				F586C5AD2282027100EBA874 /* LibMVC.framework in Embed Frameworks */,
			);
			name = "Embed Frameworks";
			runOnlyForDeploymentPostprocessing = 0;
		};
/* End PBXCopyFilesBuildPhase section */

/* Begin PBXFileReference section */
		F586C5972282027000EBA874 /* LibMVC.framework */ = {isa = PBXFileReference; explicitFileType = wrapper.framework; includeInIndex = 0; path = LibMVC.framework; sourceTree = BUILT_PRODUCTS_DIR; };
		F586C5992282027000EBA874 /* LibMVC.h */ = {isa = PBXFileReference; lastKnownFileType = sourcecode.c.h; path = LibMVC.h; sourceTree = "<group>"; };
		F586C59A2282027100EBA874 /* Info.plist */ = {isa = PBXFileReference; lastKnownFileType = text.plist.xml; path = Info.plist; sourceTree = "<group>"; };
		F586C59F2282027100EBA874 /* LibMVCTests.xctest */ = {isa = PBXFileReference; explicitFileType = wrapper.cfbundle; includeInIndex = 0; path = LibMVCTests.xctest; sourceTree = BUILT_PRODUCTS_DIR; };
		F586C5A62282027100EBA874 /* LibMVCTests.swift */ = {isa = PBXFileReference; lastKnownFileType = sourcecode.swift; path = LibMVCTests.swift; sourceTree = "<group>"; };
		F586C5A82282027100EBA874 /* Info.plist */ = {isa = PBXFileReference; lastKnownFileType = text.plist.xml; path = Info.plist; sourceTree = "<group>"; };
		F5BE52C922834DFB00610AE1 /* Functions.swift */ = {isa = PBXFileReference; lastKnownFileType = sourcecode.swift; path = Functions.swift; sourceTree = "<group>"; };
		F5BE52CE228352DF00610AE1 /* RootAssembly.swift */ = {isa = PBXFileReference; lastKnownFileType = sourcecode.swift; path = RootAssembly.swift; sourceTree = "<group>"; };
		F5BE52D22283561600610AE1 /* RootViewGettable.swift */ = {isa = PBXFileReference; lastKnownFileType = sourcecode.swift; path = RootViewGettable.swift; sourceTree = "<group>"; };
		F5BE52D522835D5F00610AE1 /* Optionals.swift */ = {isa = PBXFileReference; lastKnownFileType = sourcecode.swift; path = Optionals.swift; sourceTree = "<group>"; };
		F5BE52D922880EDB00610AE1 /* LoginView.swift */ = {isa = PBXFileReference; lastKnownFileType = sourcecode.swift; path = LoginView.swift; sourceTree = "<group>"; };
		F5BE52DB22880EE900610AE1 /* LoginModel.swift */ = {isa = PBXFileReference; lastKnownFileType = sourcecode.swift; path = LoginModel.swift; sourceTree = "<group>"; };
		F5BE52DD22880EFB00610AE1 /* LoginViewController.swift */ = {isa = PBXFileReference; lastKnownFileType = sourcecode.swift; path = LoginViewController.swift; sourceTree = "<group>"; };
		F5BE52DF22880F0D00610AE1 /* LoginAssembly.swift */ = {isa = PBXFileReference; lastKnownFileType = sourcecode.swift; path = LoginAssembly.swift; sourceTree = "<group>"; };
		F5BE52EB2288776A00610AE1 /* Podfile */ = {isa = PBXFileReference; fileEncoding = 4; lastKnownFileType = text; path = Podfile; sourceTree = SOURCE_ROOT; };
		F5C5513A227EB76300CC7EF6 /* mvc.app */ = {isa = PBXFileReference; explicitFileType = wrapper.application; includeInIndex = 0; path = mvc.app; sourceTree = BUILT_PRODUCTS_DIR; };
		F5C5513D227EB76300CC7EF6 /* AppDelegate.swift */ = {isa = PBXFileReference; lastKnownFileType = sourcecode.swift; path = AppDelegate.swift; sourceTree = "<group>"; };
		F5C5513F227EB76300CC7EF6 /* ViewController.swift */ = {isa = PBXFileReference; lastKnownFileType = sourcecode.swift; path = ViewController.swift; sourceTree = "<group>"; };
		F5C55142227EB76300CC7EF6 /* Base */ = {isa = PBXFileReference; lastKnownFileType = file.storyboard; name = Base; path = Base.lproj/Main.storyboard; sourceTree = "<group>"; };
		F5C55144227EB76800CC7EF6 /* Assets.xcassets */ = {isa = PBXFileReference; lastKnownFileType = folder.assetcatalog; path = Assets.xcassets; sourceTree = "<group>"; };
		F5C55147227EB76900CC7EF6 /* Base */ = {isa = PBXFileReference; lastKnownFileType = file.storyboard; name = Base; path = Base.lproj/LaunchScreen.storyboard; sourceTree = "<group>"; };
		F5C55149227EB76900CC7EF6 /* Info.plist */ = {isa = PBXFileReference; lastKnownFileType = text.plist.xml; path = Info.plist; sourceTree = "<group>"; };
		F5C5514E227EB76900CC7EF6 /* mvcTests.xctest */ = {isa = PBXFileReference; explicitFileType = wrapper.cfbundle; includeInIndex = 0; path = mvcTests.xctest; sourceTree = BUILT_PRODUCTS_DIR; };
		F5C55152227EB76900CC7EF6 /* mvcTests.swift */ = {isa = PBXFileReference; lastKnownFileType = sourcecode.swift; path = mvcTests.swift; sourceTree = "<group>"; };
		F5C55154227EB76900CC7EF6 /* Info.plist */ = {isa = PBXFileReference; lastKnownFileType = text.plist.xml; path = Info.plist; sourceTree = "<group>"; };
		F5C55161227EDB8800CC7EF6 /* RootModel.swift */ = {isa = PBXFileReference; lastKnownFileType = sourcecode.swift; path = RootModel.swift; sourceTree = "<group>"; };
		F5C55163227EDBC800CC7EF6 /* RootView.swift */ = {isa = PBXFileReference; lastKnownFileType = sourcecode.swift; path = RootView.swift; sourceTree = "<group>"; };
		F5C55165227EDBF500CC7EF6 /* RootViewController.swift */ = {isa = PBXFileReference; lastKnownFileType = sourcecode.swift; path = RootViewController.swift; sourceTree = "<group>"; };
/* End PBXFileReference section */

/* Begin PBXFrameworksBuildPhase section */
		F586C5942282027000EBA874 /* Frameworks */ = {
			isa = PBXFrameworksBuildPhase;
			buildActionMask = 2147483647;
			files = (
			);
			runOnlyForDeploymentPostprocessing = 0;
		};
		F586C59C2282027100EBA874 /* Frameworks */ = {
			isa = PBXFrameworksBuildPhase;
			buildActionMask = 2147483647;
			files = (
				F586C5A02282027100EBA874 /* LibMVC.framework in Frameworks */,
			);
			runOnlyForDeploymentPostprocessing = 0;
		};
		F5C55137227EB76300CC7EF6 /* Frameworks */ = {
			isa = PBXFrameworksBuildPhase;
			buildActionMask = 2147483647;
			files = (
				F586C5AC2282027100EBA874 /* LibMVC.framework in Frameworks */,
			);
			runOnlyForDeploymentPostprocessing = 0;
		};
		F5C5514B227EB76900CC7EF6 /* Frameworks */ = {
			isa = PBXFrameworksBuildPhase;
			buildActionMask = 2147483647;
			files = (
			);
			runOnlyForDeploymentPostprocessing = 0;
		};
/* End PBXFrameworksBuildPhase section */

/* Begin PBXGroup section */
		89B27027287DD7668BFFD600 /* Pods */ = {
			isa = PBXGroup;
			children = (
			);
			path = Pods;
			sourceTree = "<group>";
		};
		F586C5982282027000EBA874 /* LibMVC */ = {
			isa = PBXGroup;
			children = (
				F5BE52D822880E7800610AE1 /* Login */,
				F5C5515F227EDB5E00CC7EF6 /* Lib */,
				F586C5992282027000EBA874 /* LibMVC.h */,
				F586C59A2282027100EBA874 /* Info.plist */,
			);
			path = LibMVC;
			sourceTree = "<group>";
		};
		F586C5A52282027100EBA874 /* LibMVCTests */ = {
			isa = PBXGroup;
			children = (
				F586C5A62282027100EBA874 /* LibMVCTests.swift */,
				F586C5A82282027100EBA874 /* Info.plist */,
			);
			path = LibMVCTests;
			sourceTree = "<group>";
		};
		F5BE52D0228355EA00610AE1 /* Types */ = {
			isa = PBXGroup;
			children = (
				F5BE52D1228355FB00610AE1 /* Protocols */,
			);
			path = Types;
			sourceTree = "<group>";
		};
		F5BE52D1228355FB00610AE1 /* Protocols */ = {
			isa = PBXGroup;
			children = (
				F5BE52D22283561600610AE1 /* RootViewGettable.swift */,
			);
			path = Protocols;
			sourceTree = "<group>";
		};
		F5BE52D422835D4A00610AE1 /* Extentions */ = {
			isa = PBXGroup;
			children = (
				F5BE52D522835D5F00610AE1 /* Optionals.swift */,
			);
			path = Extentions;
			sourceTree = "<group>";
		};
		F5BE52D822880E7800610AE1 /* Login */ = {
			isa = PBXGroup;
			children = (
				F5BE52D922880EDB00610AE1 /* LoginView.swift */,
				F5BE52DD22880EFB00610AE1 /* LoginViewController.swift */,
				F5BE52DB22880EE900610AE1 /* LoginModel.swift */,
				F5BE52DF22880F0D00610AE1 /* LoginAssembly.swift */,
			);
			path = Login;
			sourceTree = "<group>";
		};
		F5C55131227EB76300CC7EF6 = {
			isa = PBXGroup;
			children = (
				F5C5513C227EB76300CC7EF6 /* mvc */,
				F5C55151227EB76900CC7EF6 /* mvcTests */,
				F586C5982282027000EBA874 /* LibMVC */,
				F586C5A52282027100EBA874 /* LibMVCTests */,
				F5C5513B227EB76300CC7EF6 /* Products */,
				89B27027287DD7668BFFD600 /* Pods */,
			);
			sourceTree = "<group>";
		};
		F5C5513B227EB76300CC7EF6 /* Products */ = {
			isa = PBXGroup;
			children = (
				F5C5513A227EB76300CC7EF6 /* mvc.app */,
				F5C5514E227EB76900CC7EF6 /* mvcTests.xctest */,
				F586C5972282027000EBA874 /* LibMVC.framework */,
				F586C59F2282027100EBA874 /* LibMVCTests.xctest */,
			);
			name = Products;
			sourceTree = "<group>";
		};
		F5C5513C227EB76300CC7EF6 /* mvc */ = {
			isa = PBXGroup;
			children = (
				F5C5513D227EB76300CC7EF6 /* AppDelegate.swift */,
				F5C5513F227EB76300CC7EF6 /* ViewController.swift */,
				F5C55141227EB76300CC7EF6 /* Main.storyboard */,
				F5C55144227EB76800CC7EF6 /* Assets.xcassets */,
				F5BE52EB2288776A00610AE1 /* Podfile */,
				F5C55146227EB76900CC7EF6 /* LaunchScreen.storyboard */,
				F5C55149227EB76900CC7EF6 /* Info.plist */,
			);
			path = mvc;
			sourceTree = "<group>";
		};
		F5C55151227EB76900CC7EF6 /* mvcTests */ = {
			isa = PBXGroup;
			children = (
				F5C55152227EB76900CC7EF6 /* mvcTests.swift */,
				F5C55154227EB76900CC7EF6 /* Info.plist */,
			);
			path = mvcTests;
			sourceTree = "<group>";
		};
		F5C5515F227EDB5E00CC7EF6 /* Lib */ = {
			isa = PBXGroup;
			children = (
				F5BE52D0228355EA00610AE1 /* Types */,
				F5C55160227EDB6900CC7EF6 /* Abstract */,
				F5BE52C922834DFB00610AE1 /* Functions.swift */,
				F5BE52D422835D4A00610AE1 /* Extentions */,
			);
			name = Lib;
			path = ../Lib;
			sourceTree = "<group>";
		};
		F5C55160227EDB6900CC7EF6 /* Abstract */ = {
			isa = PBXGroup;
			children = (
				F5C55165227EDBF500CC7EF6 /* RootViewController.swift */,
				F5BE52CE228352DF00610AE1 /* RootAssembly.swift */,
				F5C55161227EDB8800CC7EF6 /* RootModel.swift */,
				F5C55163227EDBC800CC7EF6 /* RootView.swift */,
			);
			path = Abstract;
			sourceTree = "<group>";
		};
/* End PBXGroup section */

/* Begin PBXHeadersBuildPhase section */
		F586C5922282027000EBA874 /* Headers */ = {
			isa = PBXHeadersBuildPhase;
			buildActionMask = 2147483647;
			files = (
				F586C5A92282027100EBA874 /* LibMVC.h in Headers */,
			);
			runOnlyForDeploymentPostprocessing = 0;
		};
/* End PBXHeadersBuildPhase section */

/* Begin PBXNativeTarget section */
		F586C5962282027000EBA874 /* LibMVC */ = {
			isa = PBXNativeTarget;
			buildConfigurationList = F586C5B22282027100EBA874 /* Build configuration list for PBXNativeTarget "LibMVC" */;
			buildPhases = (
				F586C5922282027000EBA874 /* Headers */,
				F586C5932282027000EBA874 /* Sources */,
				F586C5942282027000EBA874 /* Frameworks */,
				F586C5952282027000EBA874 /* Resources */,
			);
			buildRules = (
			);
			dependencies = (
			);
			name = LibMVC;
			productName = LibMVC;
			productReference = F586C5972282027000EBA874 /* LibMVC.framework */;
			productType = "com.apple.product-type.framework";
		};
		F586C59E2282027100EBA874 /* LibMVCTests */ = {
			isa = PBXNativeTarget;
			buildConfigurationList = F586C5B42282027100EBA874 /* Build configuration list for PBXNativeTarget "LibMVCTests" */;
			buildPhases = (
				F586C59B2282027100EBA874 /* Sources */,
				F586C59C2282027100EBA874 /* Frameworks */,
				F586C59D2282027100EBA874 /* Resources */,
			);
			buildRules = (
			);
			dependencies = (
				F586C5A22282027100EBA874 /* PBXTargetDependency */,
				F586C5A42282027100EBA874 /* PBXTargetDependency */,
			);
			name = LibMVCTests;
			productName = LibMVCTests;
			productReference = F586C59F2282027100EBA874 /* LibMVCTests.xctest */;
			productType = "com.apple.product-type.bundle.unit-test";
		};
		F5C55139227EB76300CC7EF6 /* mvc */ = {
			isa = PBXNativeTarget;
			buildConfigurationList = F5C55157227EB76900CC7EF6 /* Build configuration list for PBXNativeTarget "mvc" */;
			buildPhases = (
				F5C55136227EB76300CC7EF6 /* Sources */,
				F5C55137227EB76300CC7EF6 /* Frameworks */,
				F5C55138227EB76300CC7EF6 /* Resources */,
				F586C5B32282027100EBA874 /* Embed Frameworks */,
			);
			buildRules = (
			);
			dependencies = (
				F586C5AB2282027100EBA874 /* PBXTargetDependency */,
			);
			name = mvc;
			productName = mvc;
			productReference = F5C5513A227EB76300CC7EF6 /* mvc.app */;
			productType = "com.apple.product-type.application";
		};
		F5C5514D227EB76900CC7EF6 /* mvcTests */ = {
			isa = PBXNativeTarget;
			buildConfigurationList = F5C5515A227EB76900CC7EF6 /* Build configuration list for PBXNativeTarget "mvcTests" */;
			buildPhases = (
				F5C5514A227EB76900CC7EF6 /* Sources */,
				F5C5514B227EB76900CC7EF6 /* Frameworks */,
				F5C5514C227EB76900CC7EF6 /* Resources */,
			);
			buildRules = (
			);
			dependencies = (
				F5C55150227EB76900CC7EF6 /* PBXTargetDependency */,
			);
			name = mvcTests;
			productName = mvcTests;
			productReference = F5C5514E227EB76900CC7EF6 /* mvcTests.xctest */;
			productType = "com.apple.product-type.bundle.unit-test";
		};
/* End PBXNativeTarget section */

/* Begin PBXProject section */
		F5C55132227EB76300CC7EF6 /* Project object */ = {
			isa = PBXProject;
			attributes = {
				LastSwiftUpdateCheck = 1020;
				LastUpgradeCheck = 1020;
				ORGANIZATIONNAME = Volodymyr;
				TargetAttributes = {
					F586C5962282027000EBA874 = {
						CreatedOnToolsVersion = 10.2.1;
						LastSwiftMigration = 1020;
					};
					F586C59E2282027100EBA874 = {
						CreatedOnToolsVersion = 10.2.1;
						TestTargetID = F5C55139227EB76300CC7EF6;
					};
					F5C55139227EB76300CC7EF6 = {
						CreatedOnToolsVersion = 10.2.1;
					};
					F5C5514D227EB76900CC7EF6 = {
						CreatedOnToolsVersion = 10.2.1;
						TestTargetID = F5C55139227EB76300CC7EF6;
					};
				};
			};
			buildConfigurationList = F5C55135227EB76300CC7EF6 /* Build configuration list for PBXProject "mvc" */;
			compatibilityVersion = "Xcode 9.3";
			developmentRegion = en;
			hasScannedForEncodings = 0;
			knownRegions = (
				en,
				Base,
			);
			mainGroup = F5C55131227EB76300CC7EF6;
			productRefGroup = F5C5513B227EB76300CC7EF6 /* Products */;
			projectDirPath = "";
			projectRoot = "";
			targets = (
				F5C55139227EB76300CC7EF6 /* mvc */,
				F5C5514D227EB76900CC7EF6 /* mvcTests */,
				F586C5962282027000EBA874 /* LibMVC */,
				F586C59E2282027100EBA874 /* LibMVCTests */,
			);
		};
/* End PBXProject section */

/* Begin PBXResourcesBuildPhase section */
		F586C5952282027000EBA874 /* Resources */ = {
			isa = PBXResourcesBuildPhase;
			buildActionMask = 2147483647;
			files = (
				F5BE52ED2288776B00610AE1 /* Podfile in Resources */,
				F5BE52E72288145B00610AE1 /* (null) in Resources */,
				F5BE52E32288145400610AE1 /* (null) in Resources */,
				F5BE52E12288144E00610AE1 /* (null) in Resources */,
				F5BE52E52288145700610AE1 /* (null) in Resources */,
			);
			runOnlyForDeploymentPostprocessing = 0;
		};
		F586C59D2282027100EBA874 /* Resources */ = {
			isa = PBXResourcesBuildPhase;
			buildActionMask = 2147483647;
			files = (
			);
			runOnlyForDeploymentPostprocessing = 0;
		};
		F5C55138227EB76300CC7EF6 /* Resources */ = {
			isa = PBXResourcesBuildPhase;
			buildActionMask = 2147483647;
			files = (
				F5BE52E82288145B00610AE1 /* (null) in Resources */,
				F5BE52E22288144F00610AE1 /* (null) in Resources */,
				F5BE52EC2288776B00610AE1 /* Podfile in Resources */,
				F5BE52E62288145800610AE1 /* (null) in Resources */,
				F5C55148227EB76900CC7EF6 /* LaunchScreen.storyboard in Resources */,
				F5BE52E42288145400610AE1 /* (null) in Resources */,
				F5C55145227EB76800CC7EF6 /* Assets.xcassets in Resources */,
				F5C55143227EB76300CC7EF6 /* Main.storyboard in Resources */,
			);
			runOnlyForDeploymentPostprocessing = 0;
		};
		F5C5514C227EB76900CC7EF6 /* Resources */ = {
			isa = PBXResourcesBuildPhase;
			buildActionMask = 2147483647;
			files = (
			);
			runOnlyForDeploymentPostprocessing = 0;
		};
/* End PBXResourcesBuildPhase section */

/* Begin PBXSourcesBuildPhase section */
		F586C5932282027000EBA874 /* Sources */ = {
			isa = PBXSourcesBuildPhase;
			buildActionMask = 2147483647;
			files = (
				F5BE52CD22834EF600610AE1 /* RootView.swift in Sources */,
				F5BE52D32283561600610AE1 /* RootViewGettable.swift in Sources */,
				F5BE52CC22834EF300610AE1 /* RootModel.swift in Sources */,
				F5BE52CB22834EEF00610AE1 /* RootViewController.swift in Sources */,
				F5BE52CF228352DF00610AE1 /* RootAssembly.swift in Sources */,
				F5BE52D622835D5F00610AE1 /* Optionals.swift in Sources */,
				F5BE52CA22834DFB00610AE1 /* Functions.swift in Sources */,
			);
			runOnlyForDeploymentPostprocessing = 0;
		};
		F586C59B2282027100EBA874 /* Sources */ = {
			isa = PBXSourcesBuildPhase;
			buildActionMask = 2147483647;
			files = (
				F586C5A72282027100EBA874 /* LibMVCTests.swift in Sources */,
			);
			runOnlyForDeploymentPostprocessing = 0;
		};
		F5C55136227EB76300CC7EF6 /* Sources */ = {
			isa = PBXSourcesBuildPhase;
			buildActionMask = 2147483647;
			files = (
				F56B5BE9228A165C00A1A480 /* LoginModel.swift in Sources */,
				F56B5BEA228A165C00A1A480 /* LoginAssembly.swift in Sources */,
				F56B5BE8228A165C00A1A480 /* LoginViewController.swift in Sources */,
				F5DBF66C2288CA3300EB2F12 /* LoginView.swift in Sources */,
				F5C55140227EB76300CC7EF6 /* ViewController.swift in Sources */,
				F5C5513E227EB76300CC7EF6 /* AppDelegate.swift in Sources */,
			);
			runOnlyForDeploymentPostprocessing = 0;
		};
		F5C5514A227EB76900CC7EF6 /* Sources */ = {
			isa = PBXSourcesBuildPhase;
			buildActionMask = 2147483647;
			files = (
				F5C55153227EB76900CC7EF6 /* mvcTests.swift in Sources */,
			);
			runOnlyForDeploymentPostprocessing = 0;
		};
/* End PBXSourcesBuildPhase section */

/* Begin PBXTargetDependency section */
		F586C5A22282027100EBA874 /* PBXTargetDependency */ = {
			isa = PBXTargetDependency;
			target = F586C5962282027000EBA874 /* LibMVC */;
			targetProxy = F586C5A12282027100EBA874 /* PBXContainerItemProxy */;
		};
		F586C5A42282027100EBA874 /* PBXTargetDependency */ = {
			isa = PBXTargetDependency;
			target = F5C55139227EB76300CC7EF6 /* mvc */;
			targetProxy = F586C5A32282027100EBA874 /* PBXContainerItemProxy */;
		};
		F586C5AB2282027100EBA874 /* PBXTargetDependency */ = {
			isa = PBXTargetDependency;
			target = F586C5962282027000EBA874 /* LibMVC */;
			targetProxy = F586C5AA2282027100EBA874 /* PBXContainerItemProxy */;
		};
		F5C55150227EB76900CC7EF6 /* PBXTargetDependency */ = {
			isa = PBXTargetDependency;
			target = F5C55139227EB76300CC7EF6 /* mvc */;
			targetProxy = F5C5514F227EB76900CC7EF6 /* PBXContainerItemProxy */;
		};
/* End PBXTargetDependency section */

/* Begin PBXVariantGroup section */
		F5C55141227EB76300CC7EF6 /* Main.storyboard */ = {
			isa = PBXVariantGroup;
			children = (
				F5C55142227EB76300CC7EF6 /* Base */,
			);
			name = Main.storyboard;
			sourceTree = "<group>";
		};
		F5C55146227EB76900CC7EF6 /* LaunchScreen.storyboard */ = {
			isa = PBXVariantGroup;
			children = (
				F5C55147227EB76900CC7EF6 /* Base */,
			);
			name = LaunchScreen.storyboard;
			sourceTree = "<group>";
		};
/* End PBXVariantGroup section */

/* Begin XCBuildConfiguration section */
		F586C5AE2282027100EBA874 /* Debug */ = {
			isa = XCBuildConfiguration;
			buildSettings = {
				CLANG_ENABLE_MODULES = YES;
				CODE_SIGN_IDENTITY = "";
				CODE_SIGN_STYLE = Automatic;
				CURRENT_PROJECT_VERSION = 1;
				DEFINES_MODULE = YES;
				DEVELOPMENT_TEAM = T288BZ827T;
				DYLIB_COMPATIBILITY_VERSION = 1;
				DYLIB_CURRENT_VERSION = 1;
				DYLIB_INSTALL_NAME_BASE = "@rpath";
				INFOPLIST_FILE = LibMVC/Info.plist;
				INSTALL_PATH = "$(LOCAL_LIBRARY_DIR)/Frameworks";
				LD_RUNPATH_SEARCH_PATHS = (
					"$(inherited)",
					"@executable_path/Frameworks",
					"@loader_path/Frameworks",
				);
				PRODUCT_BUNDLE_IDENTIFIER = "try-to-do-similar-bull-shit-code.LibMVC";
				PRODUCT_NAME = "$(TARGET_NAME:c99extidentifier)";
				SKIP_INSTALL = YES;
				SWIFT_OPTIMIZATION_LEVEL = "-Onone";
				SWIFT_VERSION = 5.0;
				TARGETED_DEVICE_FAMILY = "1,2";
				VERSIONING_SYSTEM = "apple-generic";
				VERSION_INFO_PREFIX = "";
			};
			name = Debug;
		};
		F586C5AF2282027100EBA874 /* Release */ = {
			isa = XCBuildConfiguration;
			buildSettings = {
				CLANG_ENABLE_MODULES = YES;
				CODE_SIGN_IDENTITY = "";
				CODE_SIGN_STYLE = Automatic;
				CURRENT_PROJECT_VERSION = 1;
				DEFINES_MODULE = YES;
				DEVELOPMENT_TEAM = T288BZ827T;
				DYLIB_COMPATIBILITY_VERSION = 1;
				DYLIB_CURRENT_VERSION = 1;
				DYLIB_INSTALL_NAME_BASE = "@rpath";
				INFOPLIST_FILE = LibMVC/Info.plist;
				INSTALL_PATH = "$(LOCAL_LIBRARY_DIR)/Frameworks";
				LD_RUNPATH_SEARCH_PATHS = (
					"$(inherited)",
					"@executable_path/Frameworks",
					"@loader_path/Frameworks",
				);
				PRODUCT_BUNDLE_IDENTIFIER = "try-to-do-similar-bull-shit-code.LibMVC";
				PRODUCT_NAME = "$(TARGET_NAME:c99extidentifier)";
				SKIP_INSTALL = YES;
				SWIFT_VERSION = 5.0;
				TARGETED_DEVICE_FAMILY = "1,2";
				VERSIONING_SYSTEM = "apple-generic";
				VERSION_INFO_PREFIX = "";
			};
			name = Release;
		};
		F586C5B02282027100EBA874 /* Debug */ = {
			isa = XCBuildConfiguration;
			buildSettings = {
				ALWAYS_EMBED_SWIFT_STANDARD_LIBRARIES = YES;
				CODE_SIGN_STYLE = Automatic;
				DEVELOPMENT_TEAM = T288BZ827T;
				INFOPLIST_FILE = LibMVCTests/Info.plist;
				LD_RUNPATH_SEARCH_PATHS = (
					"$(inherited)",
					"@executable_path/Frameworks",
					"@loader_path/Frameworks",
				);
				PRODUCT_BUNDLE_IDENTIFIER = "try-to-do-similar-bull-shit-code.LibMVCTests";
				PRODUCT_NAME = "$(TARGET_NAME)";
				SWIFT_VERSION = 5.0;
				TARGETED_DEVICE_FAMILY = "1,2";
				TEST_HOST = "$(BUILT_PRODUCTS_DIR)/mvc.app/mvc";
			};
			name = Debug;
		};
		F586C5B12282027100EBA874 /* Release */ = {
			isa = XCBuildConfiguration;
			buildSettings = {
				ALWAYS_EMBED_SWIFT_STANDARD_LIBRARIES = YES;
				CODE_SIGN_STYLE = Automatic;
				DEVELOPMENT_TEAM = T288BZ827T;
				INFOPLIST_FILE = LibMVCTests/Info.plist;
				LD_RUNPATH_SEARCH_PATHS = (
					"$(inherited)",
					"@executable_path/Frameworks",
					"@loader_path/Frameworks",
				);
				PRODUCT_BUNDLE_IDENTIFIER = "try-to-do-similar-bull-shit-code.LibMVCTests";
				PRODUCT_NAME = "$(TARGET_NAME)";
				SWIFT_VERSION = 5.0;
				TARGETED_DEVICE_FAMILY = "1,2";
				TEST_HOST = "$(BUILT_PRODUCTS_DIR)/mvc.app/mvc";
			};
			name = Release;
		};
		F5C55155227EB76900CC7EF6 /* Debug */ = {
			isa = XCBuildConfiguration;
			buildSettings = {
				ALWAYS_SEARCH_USER_PATHS = NO;
				CLANG_ANALYZER_NONNULL = YES;
				CLANG_ANALYZER_NUMBER_OBJECT_CONVERSION = YES_AGGRESSIVE;
				CLANG_CXX_LANGUAGE_STANDARD = "gnu++14";
				CLANG_CXX_LIBRARY = "libc++";
				CLANG_ENABLE_MODULES = YES;
				CLANG_ENABLE_OBJC_ARC = YES;
				CLANG_ENABLE_OBJC_WEAK = YES;
				CLANG_WARN_BLOCK_CAPTURE_AUTORELEASING = YES;
				CLANG_WARN_BOOL_CONVERSION = YES;
				CLANG_WARN_COMMA = YES;
				CLANG_WARN_CONSTANT_CONVERSION = YES;
				CLANG_WARN_DEPRECATED_OBJC_IMPLEMENTATIONS = YES;
				CLANG_WARN_DIRECT_OBJC_ISA_USAGE = YES_ERROR;
				CLANG_WARN_DOCUMENTATION_COMMENTS = YES;
				CLANG_WARN_EMPTY_BODY = YES;
				CLANG_WARN_ENUM_CONVERSION = YES;
				CLANG_WARN_INFINITE_RECURSION = YES;
				CLANG_WARN_INT_CONVERSION = YES;
				CLANG_WARN_NON_LITERAL_NULL_CONVERSION = YES;
				CLANG_WARN_OBJC_IMPLICIT_RETAIN_SELF = YES;
				CLANG_WARN_OBJC_LITERAL_CONVERSION = YES;
				CLANG_WARN_OBJC_ROOT_CLASS = YES_ERROR;
				CLANG_WARN_RANGE_LOOP_ANALYSIS = YES;
				CLANG_WARN_STRICT_PROTOTYPES = YES;
				CLANG_WARN_SUSPICIOUS_MOVE = YES;
				CLANG_WARN_UNGUARDED_AVAILABILITY = YES_AGGRESSIVE;
				CLANG_WARN_UNREACHABLE_CODE = YES;
				CLANG_WARN__DUPLICATE_METHOD_MATCH = YES;
				CODE_SIGN_IDENTITY = "iPhone Developer";
				COPY_PHASE_STRIP = NO;
				DEBUG_INFORMATION_FORMAT = dwarf;
				ENABLE_STRICT_OBJC_MSGSEND = YES;
				ENABLE_TESTABILITY = YES;
				GCC_C_LANGUAGE_STANDARD = gnu11;
				GCC_DYNAMIC_NO_PIC = NO;
				GCC_NO_COMMON_BLOCKS = YES;
				GCC_OPTIMIZATION_LEVEL = 0;
				GCC_PREPROCESSOR_DEFINITIONS = (
					"DEBUG=1",
					"$(inherited)",
				);
				GCC_WARN_64_TO_32_BIT_CONVERSION = YES;
				GCC_WARN_ABOUT_RETURN_TYPE = YES_ERROR;
				GCC_WARN_UNDECLARED_SELECTOR = YES;
				GCC_WARN_UNINITIALIZED_AUTOS = YES_AGGRESSIVE;
				GCC_WARN_UNUSED_FUNCTION = YES;
				GCC_WARN_UNUSED_VARIABLE = YES;
				IPHONEOS_DEPLOYMENT_TARGET = 12.2;
				MTL_ENABLE_DEBUG_INFO = INCLUDE_SOURCE;
				MTL_FAST_MATH = YES;
				ONLY_ACTIVE_ARCH = YES;
				SDKROOT = iphoneos;
				SWIFT_ACTIVE_COMPILATION_CONDITIONS = DEBUG;
				SWIFT_OPTIMIZATION_LEVEL = "-Onone";
			};
			name = Debug;
		};
		F5C55156227EB76900CC7EF6 /* Release */ = {
			isa = XCBuildConfiguration;
			buildSettings = {
				ALWAYS_SEARCH_USER_PATHS = NO;
				CLANG_ANALYZER_NONNULL = YES;
				CLANG_ANALYZER_NUMBER_OBJECT_CONVERSION = YES_AGGRESSIVE;
				CLANG_CXX_LANGUAGE_STANDARD = "gnu++14";
				CLANG_CXX_LIBRARY = "libc++";
				CLANG_ENABLE_MODULES = YES;
				CLANG_ENABLE_OBJC_ARC = YES;
				CLANG_ENABLE_OBJC_WEAK = YES;
				CLANG_WARN_BLOCK_CAPTURE_AUTORELEASING = YES;
				CLANG_WARN_BOOL_CONVERSION = YES;
				CLANG_WARN_COMMA = YES;
				CLANG_WARN_CONSTANT_CONVERSION = YES;
				CLANG_WARN_DEPRECATED_OBJC_IMPLEMENTATIONS = YES;
				CLANG_WARN_DIRECT_OBJC_ISA_USAGE = YES_ERROR;
				CLANG_WARN_DOCUMENTATION_COMMENTS = YES;
				CLANG_WARN_EMPTY_BODY = YES;
				CLANG_WARN_ENUM_CONVERSION = YES;
				CLANG_WARN_INFINITE_RECURSION = YES;
				CLANG_WARN_INT_CONVERSION = YES;
				CLANG_WARN_NON_LITERAL_NULL_CONVERSION = YES;
				CLANG_WARN_OBJC_IMPLICIT_RETAIN_SELF = YES;
				CLANG_WARN_OBJC_LITERAL_CONVERSION = YES;
				CLANG_WARN_OBJC_ROOT_CLASS = YES_ERROR;
				CLANG_WARN_RANGE_LOOP_ANALYSIS = YES;
				CLANG_WARN_STRICT_PROTOTYPES = YES;
				CLANG_WARN_SUSPICIOUS_MOVE = YES;
				CLANG_WARN_UNGUARDED_AVAILABILITY = YES_AGGRESSIVE;
				CLANG_WARN_UNREACHABLE_CODE = YES;
				CLANG_WARN__DUPLICATE_METHOD_MATCH = YES;
				CODE_SIGN_IDENTITY = "iPhone Developer";
				COPY_PHASE_STRIP = NO;
				DEBUG_INFORMATION_FORMAT = "dwarf-with-dsym";
				ENABLE_NS_ASSERTIONS = NO;
				ENABLE_STRICT_OBJC_MSGSEND = YES;
				GCC_C_LANGUAGE_STANDARD = gnu11;
				GCC_NO_COMMON_BLOCKS = YES;
				GCC_WARN_64_TO_32_BIT_CONVERSION = YES;
				GCC_WARN_ABOUT_RETURN_TYPE = YES_ERROR;
				GCC_WARN_UNDECLARED_SELECTOR = YES;
				GCC_WARN_UNINITIALIZED_AUTOS = YES_AGGRESSIVE;
				GCC_WARN_UNUSED_FUNCTION = YES;
				GCC_WARN_UNUSED_VARIABLE = YES;
				IPHONEOS_DEPLOYMENT_TARGET = 12.2;
				MTL_ENABLE_DEBUG_INFO = NO;
				MTL_FAST_MATH = YES;
				SDKROOT = iphoneos;
				SWIFT_COMPILATION_MODE = wholemodule;
				SWIFT_OPTIMIZATION_LEVEL = "-O";
				VALIDATE_PRODUCT = YES;
			};
			name = Release;
		};
		F5C55158227EB76900CC7EF6 /* Debug */ = {
			isa = XCBuildConfiguration;
			buildSettings = {
				ALWAYS_EMBED_SWIFT_STANDARD_LIBRARIES = YES;
				ASSETCATALOG_COMPILER_APPICON_NAME = AppIcon;
				CODE_SIGN_STYLE = Automatic;
				DEVELOPMENT_TEAM = T288BZ827T;
				INFOPLIST_FILE = mvc/Info.plist;
				LD_RUNPATH_SEARCH_PATHS = (
					"$(inherited)",
					"@executable_path/Frameworks",
				);
				PRODUCT_BUNDLE_IDENTIFIER = "try-to-do-similar-bull-shit-code.mvc";
				PRODUCT_NAME = "$(TARGET_NAME)";
				SWIFT_VERSION = 5.0;
				TARGETED_DEVICE_FAMILY = "1,2";
			};
			name = Debug;
		};
		F5C55159227EB76900CC7EF6 /* Release */ = {
			isa = XCBuildConfiguration;
			buildSettings = {
				ALWAYS_EMBED_SWIFT_STANDARD_LIBRARIES = YES;
				ASSETCATALOG_COMPILER_APPICON_NAME = AppIcon;
				CODE_SIGN_STYLE = Automatic;
				DEVELOPMENT_TEAM = T288BZ827T;
				INFOPLIST_FILE = mvc/Info.plist;
				LD_RUNPATH_SEARCH_PATHS = (
					"$(inherited)",
					"@executable_path/Frameworks",
				);
				PRODUCT_BUNDLE_IDENTIFIER = "try-to-do-similar-bull-shit-code.mvc";
				PRODUCT_NAME = "$(TARGET_NAME)";
				SWIFT_VERSION = 5.0;
				TARGETED_DEVICE_FAMILY = "1,2";
			};
			name = Release;
		};
		F5C5515B227EB76900CC7EF6 /* Debug */ = {
			isa = XCBuildConfiguration;
			buildSettings = {
				ALWAYS_EMBED_SWIFT_STANDARD_LIBRARIES = YES;
				BUNDLE_LOADER = "$(TEST_HOST)";
				CODE_SIGN_STYLE = Automatic;
				DEVELOPMENT_TEAM = T288BZ827T;
				INFOPLIST_FILE = mvcTests/Info.plist;
				LD_RUNPATH_SEARCH_PATHS = (
					"$(inherited)",
					"@executable_path/Frameworks",
					"@loader_path/Frameworks",
				);
				PRODUCT_BUNDLE_IDENTIFIER = "try-to-do-similar-bull-shit-code.mvcTests";
				PRODUCT_NAME = "$(TARGET_NAME)";
				SWIFT_VERSION = 5.0;
				TARGETED_DEVICE_FAMILY = "1,2";
				TEST_HOST = "$(BUILT_PRODUCTS_DIR)/mvc.app/mvc";
			};
			name = Debug;
		};
		F5C5515C227EB76900CC7EF6 /* Release */ = {
			isa = XCBuildConfiguration;
			buildSettings = {
				ALWAYS_EMBED_SWIFT_STANDARD_LIBRARIES = YES;
				BUNDLE_LOADER = "$(TEST_HOST)";
				CODE_SIGN_STYLE = Automatic;
				DEVELOPMENT_TEAM = T288BZ827T;
				INFOPLIST_FILE = mvcTests/Info.plist;
				LD_RUNPATH_SEARCH_PATHS = (
					"$(inherited)",
					"@executable_path/Frameworks",
					"@loader_path/Frameworks",
				);
				PRODUCT_BUNDLE_IDENTIFIER = "try-to-do-similar-bull-shit-code.mvcTests";
				PRODUCT_NAME = "$(TARGET_NAME)";
				SWIFT_VERSION = 5.0;
				TARGETED_DEVICE_FAMILY = "1,2";
				TEST_HOST = "$(BUILT_PRODUCTS_DIR)/mvc.app/mvc";
			};
			name = Release;
		};
/* End XCBuildConfiguration section */

/* Begin XCConfigurationList section */
		F586C5B22282027100EBA874 /* Build configuration list for PBXNativeTarget "LibMVC" */ = {
			isa = XCConfigurationList;
			buildConfigurations = (
				F586C5AE2282027100EBA874 /* Debug */,
				F586C5AF2282027100EBA874 /* Release */,
			);
			defaultConfigurationIsVisible = 0;
			defaultConfigurationName = Release;
		};
		F586C5B42282027100EBA874 /* Build configuration list for PBXNativeTarget "LibMVCTests" */ = {
			isa = XCConfigurationList;
			buildConfigurations = (
				F586C5B02282027100EBA874 /* Debug */,
				F586C5B12282027100EBA874 /* Release */,
			);
			defaultConfigurationIsVisible = 0;
			defaultConfigurationName = Release;
		};
		F5C55135227EB76300CC7EF6 /* Build configuration list for PBXProject "mvc" */ = {
			isa = XCConfigurationList;
			buildConfigurations = (
				F5C55155227EB76900CC7EF6 /* Debug */,
				F5C55156227EB76900CC7EF6 /* Release */,
			);
			defaultConfigurationIsVisible = 0;
			defaultConfigurationName = Release;
		};
		F5C55157227EB76900CC7EF6 /* Build configuration list for PBXNativeTarget "mvc" */ = {
			isa = XCConfigurationList;
			buildConfigurations = (
				F5C55158227EB76900CC7EF6 /* Debug */,
				F5C55159227EB76900CC7EF6 /* Release */,
			);
			defaultConfigurationIsVisible = 0;
			defaultConfigurationName = Release;
		};
		F5C5515A227EB76900CC7EF6 /* Build configuration list for PBXNativeTarget "mvcTests" */ = {
			isa = XCConfigurationList;
			buildConfigurations = (
				F5C5515B227EB76900CC7EF6 /* Debug */,
				F5C5515C227EB76900CC7EF6 /* Release */,
			);
			defaultConfigurationIsVisible = 0;
			defaultConfigurationName = Release;
		};
/* End XCConfigurationList section */
	};
	rootObject = F5C55132227EB76300CC7EF6 /* Project object */;
}
